
Microsoft Visual Studio Solution File, Format Version 12.00
# Visual Studio Version 17
VisualStudioVersion = 17.14.37027.9
MinimumVisualStudioVersion = 10.0.40219.1
Project("{FAE04EC0-301F-11D3-BF4B-00C04F79EFBC}") = "Ornek01", "Ornek01\Ornek01.csproj", "{94D5496E-1DA5-4960-9759-BF449F34F811}"
EndProject
Project("{FAE04EC0-301F-11D3-BF4B-00C04F79EFBC}") = "Ornek02", "Ornek02\Ornek02.csproj", "{B563C6B0-FE1A-4F03-AB8B-ADBD15C5A088}"
EndProject
Project("{FAE04EC0-301F-11D3-BF4B-00C04F79EFBC}") = "Ornek03", "Ornek03\Ornek03.csproj", "{152279F9-C681-4014-BE02-51DCCE208EBA}"
EndProject
Project("{FAE04EC0-301F-11D3-BF4B-00C04F79EFBC}") = "Ornek04", "Ornek04\Ornek04.csproj", "{1BBB7E32-34E1-49BC-93A8-6074AD9311FC}"
EndProject
Project("{FAE04EC0-301F-11D3-BF4B-00C04F79EFBC}") = "Ornek05", "Ornek05\Ornek05.csproj", "{215C1668-8119-4E63-9356-DD499DA4C28F}"
EndProject
Project("{FAE04EC0-301F-11D3-BF4B-00C04F79EFBC}") = "Ornek06", "Ornek06\Ornek06.csproj", "{63C4B46C-5121-4480-B75D-3C88FE362B31}"
EndProject
Project("{FAE04EC0-301F-11D3-BF4B-00C04F79EFBC}") = "Ornek07", "Ornek07\Ornek07.csproj", "{8B6C7C16-DEE1-4D76-B98A-479E5E59560E}"
EndProject
Project("{FAE04EC0-301F-11D3-BF4B-00C04F79EFBC}") = "Ornek08", "Ornek08\Ornek08.csproj", "{9C2F8334-E077-4D48-AE48-ECF18C6E0779}"
EndProject
Project("{FAE04EC0-301F-11D3-BF4B-00C04F79EFBC}") = "Ornek09", "Ornek09\Ornek09.csproj", "{FCC7A21F-5899-4D76-8483-DE1CD52344AD}"
EndProject
Project("{FAE04EC0-301F-11D3-BF4B-00C04F79EFBC}") = "Ornek10", "Ornek10\Ornek10.csproj", "{532FBBD2-0585-4716-AC4B-E4D4842A06B3}"
EndProject
Global
	GlobalSection(SolutionConfigurationPlatforms) = preSolution
		Debug|Any CPU = Debug|Any CPU
		Release|Any CPU = Release|Any CPU
	EndGlobalSection
	GlobalSection(ProjectConfigurationPlatforms) = postSolution
		{94D5496E-1DA5-4960-9759-BF449F34F811}.Debug|Any CPU.ActiveCfg = Debug|Any CPU
		{94D5496E-1DA5-4960-9759-BF449F34F811}.Debug|Any CPU.Build.0 = Debug|Any CPU
		{94D5496E-1DA5-4960-9759-BF449F34F811}.Release|Any CPU.ActiveCfg = Release|Any CPU
		{94D5496E-1DA5-4960-9759-BF449F34F811}.Release|Any CPU.Build.0 = Release|Any CPU
		{B563C6B0-FE1A-4F03-AB8B-ADBD15C5A088}.Debug|Any CPU.ActiveCfg = Debug|Any CPU
		{B563C6B0-FE1A-4F03-AB8B-ADBD15C5A088}.Debug|Any CPU.Build.0 = Debug|Any CPU
		{B563C6B0-FE1A-4F03-AB8B-ADBD15C5A088}.Release|Any CPU.ActiveCfg = Release|Any CPU
		{B563C6B0-FE1A-4F03-AB8B-ADBD15C5A088}.Release|Any CPU.Build.0 = Release|Any CPU
		{152279F9-C681-4014-BE02-51DCCE208EBA}.Debug|Any CPU.ActiveCfg = Debug|Any CPU
		{152279F9-C681-4014-BE02-51DCCE208EBA}.Debug|Any CPU.Build.0 = Debug|Any CPU
		{152279F9-C681-4014-BE02-51DCCE208EBA}.Release|Any CPU.ActiveCfg = Release|Any CPU
		{152279F9-C681-4014-BE02-51DCCE208EBA}.Release|Any CPU.Build.0 = Release|Any CPU
		{1BBB7E32-34E1-49BC-93A8-6074AD9311FC}.Debug|Any CPU.ActiveCfg = Debug|Any CPU
		{1BBB7E32-34E1-49BC-93A8-6074AD9311FC}.Debug|Any CPU.Build.0 = Debug|Any CPU
		{1BBB7E32-34E1-49BC-93A8-6074AD9311FC}.Release|Any CPU.ActiveCfg = Release|Any CPU
		{1BBB7E32-34E1-49BC-93A8-6074AD9311FC}.Release|Any CPU.Build.0 = Release|Any CPU
		{215C1668-8119-4E63-9356-DD499DA4C28F}.Debug|Any CPU.ActiveCfg = Debug|Any CPU
		{215C1668-8119-4E63-9356-DD499DA4C28F}.Debug|Any CPU.Build.0 = Debug|Any CPU
		{215C1668-8119-4E63-9356-DD499DA4C28F}.Release|Any CPU.ActiveCfg = Release|Any CPU
		{215C1668-8119-4E63-9356-DD499DA4C28F}.Release|Any CPU.Build.0 = Release|Any CPU
		{63C4B46C-5121-4480-B75D-3C88FE362B31}.Debug|Any CPU.ActiveCfg = Debug|Any CPU
		{63C4B46C-5121-4480-B75D-3C88FE362B31}.Debug|Any CPU.Build.0 = Debug|Any CPU
		{63C4B46C-5121-4480-B75D-3C88FE362B31}.Release|Any CPU.ActiveCfg = Release|Any CPU
		{63C4B46C-5121-4480-B75D-3C88FE362B31}.Release|Any CPU.Build.0 = Release|Any CPU
		{8B6C7C16-DEE1-4D76-B98A-479E5E59560E}.Debug|Any CPU.ActiveCfg = Debug|Any CPU
		{8B6C7C16-DEE1-4D76-B98A-479E5E59560E}.Debug|Any CPU.Build.0 = Debug|Any CPU
		{8B6C7C16-DEE1-4D76-B98A-479E5E59560E}.Release|Any CPU.ActiveCfg = Release|Any CPU
		{8B6C7C16-DEE1-4D76-B98A-479E5E59560E}.Release|Any CPU.Build.0 = Release|Any CPU
		{9C2F8334-E077-4D48-AE48-ECF18C6E0779}.Debug|Any CPU.ActiveCfg = Debug|Any CPU
		{9C2F8334-E077-4D48-AE48-ECF18C6E0779}.Debug|Any CPU.Build.0 = Debug|Any CPU
		{9C2F8334-E077-4D48-AE48-ECF18C6E0779}.Release|Any CPU.ActiveCfg = Release|Any CPU
		{9C2F8334-E077-4D48-AE48-ECF18C6E0779}.Release|Any CPU.Build.0 = Release|Any CPU
		{FCC7A21F-5899-4D76-8483-DE1CD52344AD}.Debug|Any CPU.ActiveCfg = Debug|Any CPU
		{FCC7A21F-5899-4D76-8483-DE1CD52344AD}.Debug|Any CPU.Build.0 = Debug|Any CPU
		{FCC7A21F-5899-4D76-8483-DE1CD52344AD}.Release|Any CPU.ActiveCfg = Release|Any CPU
		{FCC7A21F-5899-4D76-8483-DE1CD52344AD}.Release|Any CPU.Build.0 = Release|Any CPU
		{532FBBD2-0585-4716-AC4B-E4D4842A06B3}.Debug|Any CPU.ActiveCfg = Debug|Any CPU
		{532FBBD2-0585-4716-AC4B-E4D4842A06B3}.Debug|Any CPU.Build.0 = Debug|Any CPU
		{532FBBD2-0585-4716-AC4B-E4D4842A06B3}.Release|Any CPU.ActiveCfg = Release|Any CPU
		{532FBBD2-0585-4716-AC4B-E4D4842A06B3}.Release|Any CPU.Build.0 = Release|Any CPU
	EndGlobalSection
	GlobalSection(SolutionProperties) = preSolution
		HideSolutionNode = FALSE
	EndGlobalSection
	GlobalSection(ExtensibilityGlobals) = postSolution
		SolutionGuid = {DFB60570-42C0-4FA2-AB76-3C414405CFB3}
	EndGlobalSection
EndGlobal
