
Microsoft Visual Studio Solution File, Format Version 12.00
# Visual Studio Version 17
VisualStudioVersion = 17.14.37027.9 d17.14
MinimumVisualStudioVersion = 10.0.40219.1
Project("{FAE04EC0-301F-11D3-BF4B-00C04F79EFBC}") = "Ornek01", "Ornek01\Ornek01.csproj", "{7266D3A6-60DA-444A-ACF9-C2ADB1F0E91A}"
EndProject
Global
	GlobalSection(SolutionConfigurationPlatforms) = preSolution
		Debug|Any CPU = Debug|Any CPU
		Release|Any CPU = Release|Any CPU
	EndGlobalSection
	GlobalSection(ProjectConfigurationPlatforms) = postSolution
		{7266D3A6-60DA-444A-ACF9-C2ADB1F0E91A}.Debug|Any CPU.ActiveCfg = Debug|Any CPU
		{7266D3A6-60DA-444A-ACF9-C2ADB1F0E91A}.Debug|Any CPU.Build.0 = Debug|Any CPU
		{7266D3A6-60DA-444A-ACF9-C2ADB1F0E91A}.Release|Any CPU.ActiveCfg = Release|Any CPU
		{7266D3A6-60DA-444A-ACF9-C2ADB1F0E91A}.Release|Any CPU.Build.0 = Release|Any CPU
	EndGlobalSection
	GlobalSection(SolutionProperties) = preSolution
		HideSolutionNode = FALSE
	EndGlobalSection
	GlobalSection(ExtensibilityGlobals) = postSolution
		SolutionGuid = {669092F0-DBB9-4AC9-AACD-A9448FE9A045}
	EndGlobalSection
EndGlobal
