
Microsoft Visual Studio Solution File, Format Version 12.00
# Visual Studio Version 17
VisualStudioVersion = 17.14.37301.10 d17.14
MinimumVisualStudioVersion = 10.0.40219.1
Project("{FAE04EC0-301F-11D3-BF4B-00C04F79EFBC}") = "Ornek01", "Ornek01\Ornek01.csproj", "{00A348F1-E5B0-4A53-9EDA-CB327099849D}"
EndProject
Global
	GlobalSection(SolutionConfigurationPlatforms) = preSolution
		Debug|Any CPU = Debug|Any CPU
		Release|Any CPU = Release|Any CPU
	EndGlobalSection
	GlobalSection(ProjectConfigurationPlatforms) = postSolution
		{00A348F1-E5B0-4A53-9EDA-CB327099849D}.Debug|Any CPU.ActiveCfg = Debug|Any CPU
		{00A348F1-E5B0-4A53-9EDA-CB327099849D}.Debug|Any CPU.Build.0 = Debug|Any CPU
		{00A348F1-E5B0-4A53-9EDA-CB327099849D}.Release|Any CPU.ActiveCfg = Release|Any CPU
		{00A348F1-E5B0-4A53-9EDA-CB327099849D}.Release|Any CPU.Build.0 = Release|Any CPU
	EndGlobalSection
	GlobalSection(SolutionProperties) = preSolution
		HideSolutionNode = FALSE
	EndGlobalSection
	GlobalSection(ExtensibilityGlobals) = postSolution
		SolutionGuid = {6571CE5B-91B7-45C7-BE42-6FA518BDA8B1}
	EndGlobalSection
EndGlobal
